
Microsoft Visual Studio Solution File, Format Version 12.00
# Visual Studio Version 17
VisualStudioVersion = 17.4.33205.214
MinimumVisualStudioVersion = 10.0.40219.1
Project("{FAE04EC0-301F-11D3-BF4B-00C04F79EFBC}") = "Encryptor", "Encryptor\Encryptor.csproj", "{FFBD8FC2-222A-4AF6-A4C6-6EAD4D3BD6CD}"
EndProject
Project("{FAE04EC0-301F-11D3-BF4B-00C04F79EFBC}") = "TestDllFromNet7", "TestDllFromNet7\TestDllFromNet7.csproj", "{C6EC880C-7050-49CD-8192-D62677B732AB}"
EndProject
Global
	GlobalSection(SolutionConfigurationPlatforms) = preSolution
		Debug|Any CPU = Debug|Any CPU
		Release|Any CPU = Release|Any CPU
	EndGlobalSection
	GlobalSection(ProjectConfigurationPlatforms) = postSolution
		{FFBD8FC2-222A-4AF6-A4C6-6EAD4D3BD6CD}.Debug|Any CPU.ActiveCfg = Debug|Any CPU
		{FFBD8FC2-222A-4AF6-A4C6-6EAD4D3BD6CD}.Debug|Any CPU.Build.0 = Debug|Any CPU
		{FFBD8FC2-222A-4AF6-A4C6-6EAD4D3BD6CD}.Release|Any CPU.ActiveCfg = Release|Any CPU
		{FFBD8FC2-222A-4AF6-A4C6-6EAD4D3BD6CD}.Release|Any CPU.Build.0 = Release|Any CPU
		{C6EC880C-7050-49CD-8192-D62677B732AB}.Debug|Any CPU.ActiveCfg = Debug|Any CPU
		{C6EC880C-7050-49CD-8192-D62677B732AB}.Debug|Any CPU.Build.0 = Debug|Any CPU
		{C6EC880C-7050-49CD-8192-D62677B732AB}.Release|Any CPU.ActiveCfg = Release|Any CPU
		{C6EC880C-7050-49CD-8192-D62677B732AB}.Release|Any CPU.Build.0 = Release|Any CPU
	EndGlobalSection
	GlobalSection(SolutionProperties) = preSolution
		HideSolutionNode = FALSE
	EndGlobalSection
	GlobalSection(ExtensibilityGlobals) = postSolution
		SolutionGuid = {779B2FA5-9476-4864-A2E7-AF1EACAF4611}
	EndGlobalSection
EndGlobal
